<?xml version="1.0" encoding="utf-8"?>
<Project ToolsVersion="4.0" xmlns="http://schemas.microsoft.com/developer/msbuild/2003">
  <ItemGroup>
    <Filter Include="Source Files">
      <UniqueIdentifier>{4FC737F1-C7A5-4376-A066-2A32D752A2FF}</UniqueIdentifier>
      <Extensions>cpp;c;cc;cxx;c++;cppm;ixx;def;odl;idl;hpj;bat;asm;asmx</Extensions>
    </Filter>
    <Filter Include="Header Files">
      <UniqueIdentifier>{93995380-89BD-4b04-88EB-625FBE52EBFB}</UniqueIdentifier>
      <Extensions>h;hh;hpp;hxx;h++;hm;inl;inc;ipp;xsd</Extensions>
    </Filter>
    <Filter Include="Resource Files">
      <UniqueIdentifier>{67DA6AB6-F800-4c08-8B7A-83BB121AAD01}</UniqueIdentifier>
      <Extensions>rc;ico;cur;bmp;dlg;rc2;rct;bin;rgs;gif;jpg;jpeg;jpe;resx;tiff;tif;png;wav;mfcribbon-ms</Extensions>
    </Filter>
  </ItemGroup>
  <ItemGroup>
    <ClCompile Include="EmergencyHeap.cpp">
      <Filter>Source Files</Filter>
    </ClCompile>
    <ClCompile Include="MedicineHashTable.cpp">
      <Filter>Source Files</Filter>
    </ClCompile>
    <ClCompile Include="PharmacyManager.cpp">
      <Filter>Source Files</Filter>
    </ClCompile>
    <ClCompile Include="MedicineFormulaHashTable.h">
      <Filter>Header Files</Filter>
    </ClCompile>
    <ClCompile Include="MedicineFormulaHashTable.cpp">
      <Filter>Source Files</Filter>
    </ClCompile>
    <ClCompile Include="HospitalManager.cpp">
      <Filter>Source Files</Filter>
    </ClCompile>
    <ClCompile Include="main.cpp">
      <Filter>Source Files</Filter>
    </ClCompile>
    <ClCompile Include="Citizen.cpp">
      <Filter>Source Files</Filter>
    </ClCompile>
    <ClCompile Include="HouseHold.cpp">
      <Filter>Source Files</Filter>
    </ClCompile>
    <ClCompile Include="Street.cpp">
      <Filter>Source Files</Filter>
    </ClCompile>
    <ClCompile Include="Sector.cpp">
      <Filter>Source Files</Filter>
    </ClCompile>
    <ClCompile Include="CNICHashTable.cpp">
      <Filter>Source Files</Filter>
    </ClCompile>
    <ClCompile Include="PopulationManager.cpp">
      <Filter>Source Files</Filter>
    </ClCompile>
    <ClCompile Include="Doctor.cpp">
      <Filter>Source Files</Filter>
    </ClCompile>
    <ClCompile Include="Patient.cpp">
      <Filter>Source Files</Filter>
    </ClCompile>
    <ClCompile Include="DoctorManager.cpp">
      <Filter>Source Files</Filter>
    </ClCompile>
    <ClCompile Include="PatientManager.cpp">
      <Filter>Source Files</Filter>
    </ClCompile>
    <ClCompile Include="BusHashNode.cpp">
      <Filter>Source Files</Filter>
    </ClCompile>
    <ClCompile Include="BusHashTable.cpp">
      <Filter>Source Files</Filter>
    </ClCompile>
    <ClCompile Include="BusRouteList.cpp">
      <Filter>Source Files</Filter>
    </ClCompile>
    <ClCompile Include="BusRouteNode.cpp">
      <Filter>Source Files</Filter>
    </ClCompile>
    <ClCompile Include="PassengerQueue.cpp">
      <Filter>Source Files</Filter>
    </ClCompile>
    <ClCompile Include="TBus.cpp">
      <Filter>Source Files</Filter>
    </ClCompile>
    <ClCompile Include="TDijkstra.cpp">
      <Filter>Source Files</Filter>
    </ClCompile>
    <ClCompile Include="TGraph.cpp">
      <Filter>Source Files</Filter>
    </ClCompile>
    <ClCompile Include="TGraphEdge.cpp">
      <Filter>Source Files</Filter>
    </ClCompile>
    <ClCompile Include="TGraphNode.cpp">
      <Filter>Source Files</Filter>
    </ClCompile>
    <ClCompile Include="TMinHeap.cpp">
      <Filter>Source Files</Filter>
    </ClCompile>
    <ClCompile Include="TPassenger.cpp">
      <Filter>Source Files</Filter>
    </ClCompile>
    <ClCompile Include="TransportManager.cpp">
      <Filter>Source Files</Filter>
    </ClCompile>
    <ClCompile Include="TravelHistory.cpp">
      <Filter>Source Files</Filter>
    </ClCompile>
  </ItemGroup>
  <ItemGroup>
    <ClInclude Include="Hospital.h">
      <Filter>Header Files</Filter>
    </ClInclude>
    <ClInclude Include="Medicine.h">
      <Filter>Header Files</Filter>
    </ClInclude>
    <ClInclude Include="Pharmacy.h">
      <Filter>Header Files</Filter>
    </ClInclude>
    <ClInclude Include="EmergencyHeap.h">
      <Filter>Header Files</Filter>
    </ClInclude>
    <ClInclude Include="MedicineHashTable.h">
      <Filter>Header Files</Filter>
    </ClInclude>
    <ClInclude Include="PharmacyManager.h">
      <Filter>Header Files</Filter>
    </ClInclude>
    <ClInclude Include="HospitalManager.h">
      <Filter>Header Files</Filter>
    </ClInclude>
    <ClInclude Include="Citizen.h">
      <Filter>Header Files</Filter>
    </ClInclude>
    <ClInclude Include="Household.h">
      <Filter>Header Files</Filter>
    </ClInclude>
    <ClInclude Include="Street.h">
      <Filter>Header Files</Filter>
    </ClInclude>
    <ClInclude Include="Sector.h">
      <Filter>Header Files</Filter>
    </ClInclude>
    <ClInclude Include="CNICHashTable.h">
      <Filter>Header Files</Filter>
    </ClInclude>
    <ClInclude Include="PopulationManager.h">
      <Filter>Header Files</Filter>
    </ClInclude>
    <ClInclude Include="Doctor.h">
      <Filter>Header Files</Filter>
    </ClInclude>
    <ClInclude Include="Patient.h">
      <Filter>Header Files</Filter>
    </ClInclude>
    <ClInclude Include="DoctorManager.h">
      <Filter>Header Files</Filter>
    </ClInclude>
    <ClInclude Include="PatientManager.h">
      <Filter>Header Files</Filter>
    </ClInclude>
    <ClInclude Include="ClassNode.h">
      <Filter>Header Files</Filter>
    </ClInclude>
    <ClInclude Include="DepartmentNode.h">
      <Filter>Header Files</Filter>
    </ClInclude>
    <ClInclude Include="FacilityNode.h">
      <Filter>Header Files</Filter>
    </ClInclude>
    <ClInclude Include="FacultyNode.h">
      <Filter>Header Files</Filter>
    </ClInclude>
    <ClInclude Include="MallNode.h">
      <Filter>Header Files</Filter>
    </ClInclude>
    <ClInclude Include="ProductHashTable.h">
      <Filter>Header Files</Filter>
    </ClInclude>
    <ClInclude Include="ProductNode.h">
      <Filter>Header Files</Filter>
    </ClInclude>
    <ClInclude Include="SchoolMinHeap.h">
      <Filter>Header Files</Filter>
    </ClInclude>
    <ClInclude Include="SchoolNode.h">
      <Filter>Header Files</Filter>
    </ClInclude>
    <ClInclude Include="SchoolTree.h">
      <Filter>Header Files</Filter>
    </ClInclude>
    <ClInclude Include="StudentNode.h">
      <Filter>Header Files</Filter>
    </ClInclude>
    <ClInclude Include="SubjectHashNode.h">
      <Filter>Header Files</Filter>
    </ClInclude>
    <ClInclude Include="SubjectHashTable.h">
      <Filter>Header Files</Filter>
    </ClInclude>
    <ClInclude Include="BusHashNode.h">
      <Filter>Header Files</Filter>
    </ClInclude>
    <ClInclude Include="BusHashTable.h">
      <Filter>Header Files</Filter>
    </ClInclude>
    <ClInclude Include="BusRouteList.h">
      <Filter>Header Files</Filter>
    </ClInclude>
    <ClInclude Include="BusRouteNode.h">
      <Filter>Header Files</Filter>
    </ClInclude>
    <ClInclude Include="PassengerQueue.h">
      <Filter>Header Files</Filter>
    </ClInclude>
    <ClInclude Include="TBus.h">
      <Filter>Header Files</Filter>
    </ClInclude>
    <ClInclude Include="TDijkstra.h">
      <Filter>Header Files</Filter>
    </ClInclude>
    <ClInclude Include="TGraph.h">
      <Filter>Header Files</Filter>
    </ClInclude>
    <ClInclude Include="TGraphEdge.h">
      <Filter>Header Files</Filter>
    </ClInclude>
    <ClInclude Include="TGraphNode.h">
      <Filter>Header Files</Filter>
    </ClInclude>
    <ClInclude Include="TMinHeap.h">
      <Filter>Header Files</Filter>
    </ClInclude>
    <ClInclude Include="TPassenger.h">
      <Filter>Header Files</Filter>
    </ClInclude>
    <ClInclude Include="TransportManager.h">
      <Filter>Header Files</Filter>
    </ClInclude>
    <ClInclude Include="TravelHistory.h">
      <Filter>Header Files</Filter>
    </ClInclude>
  </ItemGroup>
</Project>